{
  "name": "assets",
  "lockfileVersion": 2,
  "requires": true,
  "packages": {
    "": {
      "dependencies": {
        "milligram": "^1.4.1",
        "nprogress": "^0.2.0"
      }
    },
    "node_modules/milligram": {
      "version": "1.4.1",
      "resolved": "https://registry.npmjs.org/milligram/-/milligram-1.4.1.tgz",
      "integrity": "sha512-RCgh/boHhcXWOUfKJWm3RJRoUeaEguoipDg0mJ31G0tFfvcpWMUlO1Zlqqr12K4kAXfDlllaidu0x7PaL2PTFg==",
      "dependencies": {
        "normalize.css": "~8.0.1"
      }
    },
    "node_modules/normalize.css": {
      "version": "8.0.1",
      "resolved": "https://registry.npmjs.org/normalize.css/-/normalize.css-8.0.1.tgz",
      "integrity": "sha512-qizSNPO93t1YUuUhP22btGOo3chcvDFqFaj2TRybP0DMxkHOCTYwp3n34fel4a31ORXy4m1Xq0Gyqpb5m33qIg=="
    },
    "node_modules/nprogress": {
      "version": "0.2.0",
      "resolved": "https://registry.npmjs.org/nprogress/-/nprogress-0.2.0.tgz",
      "integrity": "sha1-y480xTIT2JVyP8urkH6UIq28r7E="
    }
  },
  "dependencies": {
    "milligram": {
      "version": "1.4.1",
      "resolved": "https://registry.npmjs.org/milligram/-/milligram-1.4.1.tgz",
      "integrity": "sha512-RCgh/boHhcXWOUfKJWm3RJRoUeaEguoipDg0mJ31G0tFfvcpWMUlO1Zlqqr12K4kAXfDlllaidu0x7PaL2PTFg==",
      "requires": {
        "normalize.css": "~8.0.1"
      }
    },
    "normalize.css": {
      "version": "8.0.1",
      "resolved": "https://registry.npmjs.org/normalize.css/-/normalize.css-8.0.1.tgz",
      "integrity": "sha512-qizSNPO93t1YUuUhP22btGOo3chcvDFqFaj2TRybP0DMxkHOCTYwp3n34fel4a31ORXy4m1Xq0Gyqpb5m33qIg=="
    },
    "nprogress": {
      "version": "0.2.0",
      "resolved": "https://registry.npmjs.org/nprogress/-/nprogress-0.2.0.tgz",
      "integrity": "sha1-y480xTIT2JVyP8urkH6UIq28r7E="
    }
  }
}
